{
  "originHash" : "090c675500195d294a5f4987351db53f4409bd98981b45c7a1f34a60685e39b7",
  "pins" : [
    {
      "identity" : "anycodable",
      "kind" : "remoteSourceControl",
      "location" : "https://github.com/Flight-School/AnyCodable",
      "state" : {
        "revision" : "69261f239f0fffaf51495dadc4f8483fbfe97025",
        "version" : "0.6.1"
      }
    },
    {
      "identity" : "swiftlintplugins",
      "kind" : "remoteSourceControl",
      "location" : "https://github.com/SimplyDanny/SwiftLintPlugins",
      "state" : {
        "revision" : "b8431a26655378581890d56b95a0b59aba9f62da",
        "version" : "0.55.1"
      }
    }
  ],
  "version" : 3
}
