{
  "originHash" : "fd6f2919a6beae8573b7edd484b251a4d01d37ca02c6a7f36527f0f3c797a195",
  "pins" : [
    {
      "identity" : "anycodable",
      "kind" : "remoteSourceControl",
      "location" : "https://github.com/Flight-School/AnyCodable",
      "state" : {
        "revision" : "69261f239f0fffaf51495dadc4f8483fbfe97025",
        "version" : "0.6.1"
      }
    },
    {
      "identity" : "passage-swift",
      "kind" : "remoteSourceControl",
      "location" : "https://github.com/passageidentity/passage-swift",
      "state" : {
        "revision" : "4b9b700f731a6cabb91524da91fa775636adf491",
        "version" : "1.0.0"
      }
    }
  ],
  "version" : 3
}
